
Microsoft Visual Studio Solution File, Format Version 12.00
# Visual Studio Version 17
VisualStudioVersion = 17.4.33205.214
MinimumVisualStudioVersion = 10.0.40219.1
Project("{FAE04EC0-301F-11D3-BF4B-00C04F79EFBC}") = "LVL25 Packing Inventory", "LVL25 Packing Inventory\LVL25 Packing Inventory.csproj", "{9EB964F1-DE98-4EEB-803C-1A293035B214}"
EndProject
Global
	GlobalSection(SolutionConfigurationPlatforms) = preSolution
		Debug|Any CPU = Debug|Any CPU
		Release|Any CPU = Release|Any CPU
	EndGlobalSection
	GlobalSection(ProjectConfigurationPlatforms) = postSolution
		{9EB964F1-DE98-4EEB-803C-1A293035B214}.Debug|Any CPU.ActiveCfg = Debug|Any CPU
		{9EB964F1-DE98-4EEB-803C-1A293035B214}.Debug|Any CPU.Build.0 = Debug|Any CPU
		{9EB964F1-DE98-4EEB-803C-1A293035B214}.Release|Any CPU.ActiveCfg = Release|Any CPU
		{9EB964F1-DE98-4EEB-803C-1A293035B214}.Release|Any CPU.Build.0 = Release|Any CPU
	EndGlobalSection
	GlobalSection(SolutionProperties) = preSolution
		HideSolutionNode = FALSE
	EndGlobalSection
	GlobalSection(ExtensibilityGlobals) = postSolution
		SolutionGuid = {79A7ED93-6B37-4CA7-A325-33263EB64187}
	EndGlobalSection
EndGlobal
