
Microsoft Visual Studio Solution File, Format Version 12.00
# Visual Studio Version 17
VisualStudioVersion = 17.4.33205.214
MinimumVisualStudioVersion = 10.0.40219.1
Project("{FAE04EC0-301F-11D3-BF4B-00C04F79EFBC}") = "Delegate-ex", "Delegate-ex\Delegate-ex.csproj", "{61053389-DC35-4D24-B50A-FA8377EB13B8}"
EndProject
Global
	GlobalSection(SolutionConfigurationPlatforms) = preSolution
		Debug|Any CPU = Debug|Any CPU
		Release|Any CPU = Release|Any CPU
	EndGlobalSection
	GlobalSection(ProjectConfigurationPlatforms) = postSolution
		{61053389-DC35-4D24-B50A-FA8377EB13B8}.Debug|Any CPU.ActiveCfg = Debug|Any CPU
		{61053389-DC35-4D24-B50A-FA8377EB13B8}.Debug|Any CPU.Build.0 = Debug|Any CPU
		{61053389-DC35-4D24-B50A-FA8377EB13B8}.Release|Any CPU.ActiveCfg = Release|Any CPU
		{61053389-DC35-4D24-B50A-FA8377EB13B8}.Release|Any CPU.Build.0 = Release|Any CPU
	EndGlobalSection
	GlobalSection(SolutionProperties) = preSolution
		HideSolutionNode = FALSE
	EndGlobalSection
	GlobalSection(ExtensibilityGlobals) = postSolution
		SolutionGuid = {2FB2A39D-A1E5-4698-A77A-DB1721813E4D}
	EndGlobalSection
EndGlobal
